
Microsoft Visual Studio Solution File, Format Version 12.00
# Visual Studio Version 17
VisualStudioVersion = 17.0.32014.148
MinimumVisualStudioVersion = 10.0.40219.1
Project("{9A19103F-16F7-4668-BE54-9A1E7A4F7556}") = "WebApi_Server", "WebApi_Server\WebApi_Server.csproj", "{9EDD85DD-EC9D-41B9-9862-72BCEC0BE9F2}"
EndProject
Project("{9A19103F-16F7-4668-BE54-9A1E7A4F7556}") = "WebApi_Common", "WebApi_Common\WebApi_Common.csproj", "{3D94F1E3-7305-4289-B003-2DDBAF1AD8DE}"
EndProject
Project("{FAE04EC0-301F-11D3-BF4B-00C04F79EFBC}") = "AutoSzerelo_Client", "AutoSzerelo_Client\AutoSzerelo_Client.csproj", "{1AE129B3-F001-4C89-BB12-F7274EE7925B}"
EndProject
Global
	GlobalSection(SolutionConfigurationPlatforms) = preSolution
		Debug|Any CPU = Debug|Any CPU
		Release|Any CPU = Release|Any CPU
	EndGlobalSection
	GlobalSection(ProjectConfigurationPlatforms) = postSolution
		{9EDD85DD-EC9D-41B9-9862-72BCEC0BE9F2}.Debug|Any CPU.ActiveCfg = Debug|Any CPU
		{9EDD85DD-EC9D-41B9-9862-72BCEC0BE9F2}.Debug|Any CPU.Build.0 = Debug|Any CPU
		{9EDD85DD-EC9D-41B9-9862-72BCEC0BE9F2}.Release|Any CPU.ActiveCfg = Release|Any CPU
		{9EDD85DD-EC9D-41B9-9862-72BCEC0BE9F2}.Release|Any CPU.Build.0 = Release|Any CPU
		{3D94F1E3-7305-4289-B003-2DDBAF1AD8DE}.Debug|Any CPU.ActiveCfg = Debug|Any CPU
		{3D94F1E3-7305-4289-B003-2DDBAF1AD8DE}.Debug|Any CPU.Build.0 = Debug|Any CPU
		{3D94F1E3-7305-4289-B003-2DDBAF1AD8DE}.Release|Any CPU.ActiveCfg = Release|Any CPU
		{3D94F1E3-7305-4289-B003-2DDBAF1AD8DE}.Release|Any CPU.Build.0 = Release|Any CPU
		{1AE129B3-F001-4C89-BB12-F7274EE7925B}.Debug|Any CPU.ActiveCfg = Debug|Any CPU
		{1AE129B3-F001-4C89-BB12-F7274EE7925B}.Debug|Any CPU.Build.0 = Debug|Any CPU
		{1AE129B3-F001-4C89-BB12-F7274EE7925B}.Release|Any CPU.ActiveCfg = Release|Any CPU
		{1AE129B3-F001-4C89-BB12-F7274EE7925B}.Release|Any CPU.Build.0 = Release|Any CPU
	EndGlobalSection
	GlobalSection(SolutionProperties) = preSolution
		HideSolutionNode = FALSE
	EndGlobalSection
	GlobalSection(ExtensibilityGlobals) = postSolution
		SolutionGuid = {F23DB305-B01E-46DC-91AB-2547A091BC2A}
	EndGlobalSection
EndGlobal
